
Microsoft Visual Studio Solution File, Format Version 12.00
# Visual Studio Version 17
VisualStudioVersion = 17.14.36327.8 d17.14
MinimumVisualStudioVersion = 10.0.40219.1
Project("{FAE04EC0-301F-11D3-BF4B-00C04F79EFBC}") = "MVFC.SQLCraft", "MVFC.SQLCraft\MVFC.SQLCraft.csproj", "{BE83D6BF-DF2E-42FA-91BC-71A532C56917}"
EndProject
Project("{FAE04EC0-301F-11D3-BF4B-00C04F79EFBC}") = "MVFC.SQLCraft.Mysql", "MVFC.SQLCraft.Mysql\MVFC.SQLCraft.Mysql.csproj", "{6C4C5917-F867-44FF-A70A-5D6D840E774B}"
EndProject
Project("{FAE04EC0-301F-11D3-BF4B-00C04F79EFBC}") = "MVFC.SQLCraft.MsSQL", "MVFC.SQLCraft.MsSQL\MVFC.SQLCraft.MsSQL.csproj", "{901B8783-CC7D-4B48-8CA7-EB82CAE063B2}"
EndProject
Project("{FAE04EC0-301F-11D3-BF4B-00C04F79EFBC}") = "MVFC.SQLCraft.PostgreSql", "MVFC.SQLCraft.PostgreSql\MVFC.SQLCraft.PostgreSql.csproj", "{047A9D62-6FBC-4B0B-836A-CC375BE6D9AD}"
EndProject
Project("{FAE04EC0-301F-11D3-BF4B-00C04F79EFBC}") = "MVFC.SQLCraft.SQLite", "MVFC.SQLCraft.SQLite\MVFC.SQLCraft.SQLite.csproj", "{FD4F4858-48B6-40C7-B327-2D9EDF21888B}"
EndProject
Project("{FAE04EC0-301F-11D3-BF4B-00C04F79EFBC}") = "MVFC.SQLCraft.Firebird", "MVFC.SQLCraft.Firebird\MVFC.SQLCraft.Firebird.csproj", "{C31E94BE-4D72-448B-83FF-44E3B352C8FB}"
EndProject
Project("{FAE04EC0-301F-11D3-BF4B-00C04F79EFBC}") = "MVFC.SQLCraft.Tests", "MVFC.SQLCraft.Tests\MVFC.SQLCraft.Tests.csproj", "{2E61D826-C6DD-4FED-BC15-1CB19D24C11C}"
EndProject
Global
	GlobalSection(SolutionConfigurationPlatforms) = preSolution
		Debug|Any CPU = Debug|Any CPU
		Release|Any CPU = Release|Any CPU
	EndGlobalSection
	GlobalSection(ProjectConfigurationPlatforms) = postSolution
		{BE83D6BF-DF2E-42FA-91BC-71A532C56917}.Debug|Any CPU.ActiveCfg = Debug|Any CPU
		{BE83D6BF-DF2E-42FA-91BC-71A532C56917}.Debug|Any CPU.Build.0 = Debug|Any CPU
		{BE83D6BF-DF2E-42FA-91BC-71A532C56917}.Release|Any CPU.ActiveCfg = Release|Any CPU
		{BE83D6BF-DF2E-42FA-91BC-71A532C56917}.Release|Any CPU.Build.0 = Release|Any CPU
		{6C4C5917-F867-44FF-A70A-5D6D840E774B}.Debug|Any CPU.ActiveCfg = Debug|Any CPU
		{6C4C5917-F867-44FF-A70A-5D6D840E774B}.Debug|Any CPU.Build.0 = Debug|Any CPU
		{6C4C5917-F867-44FF-A70A-5D6D840E774B}.Release|Any CPU.ActiveCfg = Release|Any CPU
		{6C4C5917-F867-44FF-A70A-5D6D840E774B}.Release|Any CPU.Build.0 = Release|Any CPU
		{901B8783-CC7D-4B48-8CA7-EB82CAE063B2}.Debug|Any CPU.ActiveCfg = Debug|Any CPU
		{901B8783-CC7D-4B48-8CA7-EB82CAE063B2}.Debug|Any CPU.Build.0 = Debug|Any CPU
		{901B8783-CC7D-4B48-8CA7-EB82CAE063B2}.Release|Any CPU.ActiveCfg = Release|Any CPU
		{901B8783-CC7D-4B48-8CA7-EB82CAE063B2}.Release|Any CPU.Build.0 = Release|Any CPU
		{047A9D62-6FBC-4B0B-836A-CC375BE6D9AD}.Debug|Any CPU.ActiveCfg = Debug|Any CPU
		{047A9D62-6FBC-4B0B-836A-CC375BE6D9AD}.Debug|Any CPU.Build.0 = Debug|Any CPU
		{047A9D62-6FBC-4B0B-836A-CC375BE6D9AD}.Release|Any CPU.ActiveCfg = Release|Any CPU
		{047A9D62-6FBC-4B0B-836A-CC375BE6D9AD}.Release|Any CPU.Build.0 = Release|Any CPU
		{FD4F4858-48B6-40C7-B327-2D9EDF21888B}.Debug|Any CPU.ActiveCfg = Debug|Any CPU
		{FD4F4858-48B6-40C7-B327-2D9EDF21888B}.Debug|Any CPU.Build.0 = Debug|Any CPU
		{FD4F4858-48B6-40C7-B327-2D9EDF21888B}.Release|Any CPU.ActiveCfg = Release|Any CPU
		{FD4F4858-48B6-40C7-B327-2D9EDF21888B}.Release|Any CPU.Build.0 = Release|Any CPU
		{C31E94BE-4D72-448B-83FF-44E3B352C8FB}.Debug|Any CPU.ActiveCfg = Debug|Any CPU
		{C31E94BE-4D72-448B-83FF-44E3B352C8FB}.Debug|Any CPU.Build.0 = Debug|Any CPU
		{C31E94BE-4D72-448B-83FF-44E3B352C8FB}.Release|Any CPU.ActiveCfg = Release|Any CPU
		{C31E94BE-4D72-448B-83FF-44E3B352C8FB}.Release|Any CPU.Build.0 = Release|Any CPU
		{2E61D826-C6DD-4FED-BC15-1CB19D24C11C}.Debug|Any CPU.ActiveCfg = Debug|Any CPU
		{2E61D826-C6DD-4FED-BC15-1CB19D24C11C}.Debug|Any CPU.Build.0 = Debug|Any CPU
		{2E61D826-C6DD-4FED-BC15-1CB19D24C11C}.Release|Any CPU.ActiveCfg = Release|Any CPU
		{2E61D826-C6DD-4FED-BC15-1CB19D24C11C}.Release|Any CPU.Build.0 = Release|Any CPU
	EndGlobalSection
	GlobalSection(SolutionProperties) = preSolution
		HideSolutionNode = FALSE
	EndGlobalSection
	GlobalSection(ExtensibilityGlobals) = postSolution
		SolutionGuid = {DCB8BFD2-4D59-440F-A41E-AE1AC9A358CB}
	EndGlobalSection
EndGlobal
